{
  "projects": [
    {
      "projectId": "byB3bAFsuE9BeHE4yjsKnJ",
      "version": "latest",
      "dependencies": {},
      "lang": "ts",
      "fileLocks": [
        {
          "type": "globalVariant",
          "assetId": "BWF2qVEn1Cdm",
          "checksum": "76791640e068a8b73909d00866ebefde"
        },
        {
          "type": "renderModule",
          "assetId": "bMsj9e9zrvax",
          "checksum": "f4a743204bbc7875cfb915b5eb08afb9"
        },
        {
          "type": "cssRules",
          "assetId": "bMsj9e9zrvax",
          "checksum": "f4a743204bbc7875cfb915b5eb08afb9"
        },
        {
          "type": "icon",
          "assetId": "BmslI2bNHjMs",
          "checksum": "b98d245bb83acc3d5fb0ea3bf4ce5b1d"
        },
        {
          "type": "icon",
          "assetId": "HKsxA5qB3oMP",
          "checksum": "58ce6004ad7ddfafcd9e426d05ebd1e2"
        },
        {
          "type": "icon",
          "assetId": "jxyRnojuE9g-",
          "checksum": "443c69e7350dc679f3f0355067625b91"
        },
        {
          "type": "icon",
          "assetId": "839rDm91GGsU",
          "checksum": "795c16675002e081bbe5c4a5f10ac5cd"
        },
        {
          "type": "icon",
          "assetId": "s9rbNVuei0LP",
          "checksum": "f82b42aa8c4bf8ed7af35a1e502dcc77"
        },
        {
          "type": "icon",
          "assetId": "wFjFR_L82pNd",
          "checksum": "3c9af43cbdec5f9d84ed52bfe1c75a2d"
        },
        {
          "type": "icon",
          "assetId": "xvUFq2stVL8U",
          "checksum": "e7ce1a9a83a5a959ab1d1ce87bd4351a"
        },
        {
          "type": "icon",
          "assetId": "Zixe9rzOOWPq",
          "checksum": "b7304987bb46f61983757ac7baa4d01e"
        },
        {
          "type": "icon",
          "assetId": "am7I4MToFeaA",
          "checksum": "836088851074bb7574e159834297ff6f"
        },
        {
          "type": "icon",
          "assetId": "cU39ByPPPBHU",
          "checksum": "07c971fa7eabd9c30fde77f47f871c82"
        },
        {
          "type": "icon",
          "assetId": "HW7VPeH9EtBJ",
          "checksum": "eda7353b922283aa4a90a9a7aa6e4c71"
        },
        {
          "type": "icon",
          "assetId": "mxmx3UFUziv8",
          "checksum": "3437f90136739f7cbbda2d8c7811f0d0"
        },
        {
          "type": "icon",
          "assetId": "ezYq_gOTF1DB",
          "checksum": "b9f54f20dbcf4dd64c506ebb557b4fd3"
        },
        {
          "type": "icon",
          "assetId": "XcPvASoi2m4o",
          "checksum": "23e7b505962752a2839f50d36be0e4ef"
        },
        {
          "type": "icon",
          "assetId": "5JXqcYIT3cLy",
          "checksum": "afd1e2fcdef078768d293c5a06a7b72e"
        },
        {
          "type": "icon",
          "assetId": "YIRwCbKj8zXd",
          "checksum": "87bfb1d09a538ebbc3f65f222dd796ff"
        },
        {
          "type": "icon",
          "assetId": "EFviyHHcABTf",
          "checksum": "e799c4ea6eed46578dc92db449a86460"
        },
        {
          "type": "icon",
          "assetId": "R6zIpLfJQREE",
          "checksum": "779ba7690a7d3e6f24ef77119265db46"
        },
        {
          "type": "icon",
          "assetId": "JFSb6ccc8NPA",
          "checksum": "8887644f7023fb74bf14fbd0f1b95943"
        },
        {
          "type": "icon",
          "assetId": "ifXLd6WnsVCD",
          "checksum": "74da5e1db0eb130062951994fb32699e"
        },
        {
          "type": "icon",
          "assetId": "NRkRj_Oo7elV",
          "checksum": "fd70a22c83e15e617335e25fb9980beb"
        },
        {
          "type": "icon",
          "assetId": "-jjgDn0Qf77j",
          "checksum": "288fec9976744e61186aa1e84f3b63e5"
        },
        {
          "type": "icon",
          "assetId": "5H-fssHcKnh5",
          "checksum": "9cb7a10b0deaad176e0c67c0917c533c"
        },
        {
          "type": "icon",
          "assetId": "kP0w1FykYNBV",
          "checksum": "79f07a555a44fac8e545f6067ee30dd8"
        },
        {
          "type": "icon",
          "assetId": "vVIanACxq_LQ",
          "checksum": "d67abfa697e6dc13511d8d71a8879ae0"
        },
        {
          "type": "icon",
          "assetId": "294Ppe4hX2yY",
          "checksum": "b0d00d436a91fb8fc736878e213e4432"
        },
        {
          "type": "icon",
          "assetId": "9cPEE7wTeBlM",
          "checksum": "726887d26053909710e4ee7dcdf19fc7"
        },
        {
          "type": "icon",
          "assetId": "Zdl90A0x2TtX",
          "checksum": "826e4c6283cc8672b0696a71c83f19c4"
        },
        {
          "type": "icon",
          "assetId": "JyvQnFmGEYr9",
          "checksum": "a88510d56238b0d054ccc9e2b5273ae4"
        },
        {
          "type": "icon",
          "assetId": "7o72zHBgt6ZO",
          "checksum": "aa685c8a680975bc93f786928b2fa55a"
        },
        {
          "type": "icon",
          "assetId": "Ql4i4uYk19Qw",
          "checksum": "e322370bf5f63acbc334d1e9da5f944c"
        },
        {
          "type": "icon",
          "assetId": "IiyZplxlY2P5",
          "checksum": "4e1847b147acd54f9583c6e20b81e8a7"
        },
        {
          "type": "icon",
          "assetId": "KUAAz5Nx-LT5",
          "checksum": "3767ba6943efc4a072ebfa25a70a76ab"
        },
        {
          "type": "icon",
          "assetId": "Pp7IaYyvbMwj",
          "checksum": "a48280131630e923da1e6fe2eb7b7b7b"
        },
        {
          "type": "icon",
          "assetId": "BVWKG6vENHsH",
          "checksum": "77e9089ba9f3ba535129279640e9ae22"
        },
        {
          "type": "icon",
          "assetId": "8bezPgRSlNzt",
          "checksum": "1297c89dcc73253990a02e29b139eef8"
        },
        {
          "type": "icon",
          "assetId": "0mGorNrX5DiP",
          "checksum": "2b362eef16b0e11be092f3f3396952b2"
        },
        {
          "type": "image",
          "assetId": "9pSidQ-_Hc7g",
          "checksum": "10610c5461f241a4b9a9028b2e266624"
        },
        {
          "type": "image",
          "assetId": "vzIIKBUR07zI",
          "checksum": "e0f98fbd0a2cc0d34ee299a35cba02cd"
        },
        {
          "type": "image",
          "assetId": "V7oUVDsl3zrT",
          "checksum": "b0a6ad547fba259569298128691c5051"
        },
        {
          "type": "image",
          "assetId": "JMn1o7twZ1D0",
          "checksum": "d79086aa674acad1219d7a7c32bfd5cc"
        },
        {
          "type": "image",
          "assetId": "xSmpS9bmywlO",
          "checksum": "33adfc15b40b1b3c6cf551aefc2ba85a"
        },
        {
          "type": "image",
          "assetId": "vJBWhKoo6QVD",
          "checksum": "48e4915f574a06f7b0fc77275c82f633"
        },
        {
          "type": "image",
          "assetId": "WazNHG7XmoL_",
          "checksum": "1af150881d645eeed8d679aa695b04df"
        },
        {
          "type": "image",
          "assetId": "zgQE5JIC-ygJ",
          "checksum": "1984727e26efd6fe0330107450ac67da"
        },
        {
          "type": "image",
          "assetId": "25c98XZXDrHa",
          "checksum": "05b8282ae31c04107c105c4ae178abd4"
        },
        {
          "type": "image",
          "assetId": "zUcjJe3QpoNs",
          "checksum": "77609e3240219519022618ca031c77a0"
        },
        {
          "type": "image",
          "assetId": "lfy6XtHucKgG",
          "checksum": "e9bd48c94bbb50b548e296060cbf0f2b"
        },
        {
          "type": "image",
          "assetId": "E90HhoCpKK1L",
          "checksum": "acacd7a0b0cfdf91f8b8aa8a02f9c69b"
        },
        {
          "type": "image",
          "assetId": "vqCyIuV8yGBs",
          "checksum": "fb0368b17f8fca8cf8a82d81f7333dbd"
        },
        {
          "type": "image",
          "assetId": "6OEoIAyuzRKo",
          "checksum": "bf2af05a4ccdc99dfe93df5c248aa73b"
        },
        {
          "type": "image",
          "assetId": "VVkyL5iJ-X2c",
          "checksum": "3a3a4713a1b355d91c76b0d0243f2844"
        },
        {
          "type": "image",
          "assetId": "C4XKHBfKQkaR",
          "checksum": "bb04756e3846f668c84936c686e1c3c8"
        },
        {
          "type": "image",
          "assetId": "jXNOcCwBY_Zw",
          "checksum": "d30675c3b7da2940fe72381f27d93c03"
        },
        {
          "type": "image",
          "assetId": "Vp_RFT1TDl91",
          "checksum": "ded87eb2da97cb7fea3fddfc67061c84"
        },
        {
          "type": "image",
          "assetId": "u1Ea8z_vp5W2",
          "checksum": "db476925f4cbf31442b5cfa14791af27"
        },
        {
          "type": "image",
          "assetId": "W4f1RIqH2q1C",
          "checksum": "20eb0fc80bbc5382a73b4e5a23054a5d"
        },
        {
          "type": "image",
          "assetId": "Q-1S5ck_drGI",
          "checksum": "7894c418b8d1470c27895bac6b6510a1"
        },
        {
          "type": "image",
          "assetId": "mbE2CUGZdWwd",
          "checksum": "84d056e0c2f26101715846a272d6c795"
        },
        {
          "type": "image",
          "assetId": "vPmhi0NH7KCr",
          "checksum": "1112ff459d4fa00eff5ee410f88d783e"
        },
        {
          "type": "image",
          "assetId": "jQaYvmGgY2E_",
          "checksum": "f2494a6f3bdbd84537682e12250dd063"
        },
        {
          "type": "image",
          "assetId": "hC9bbYokSKuV",
          "checksum": "8fb5740dd038e53074028dc6ef80c373"
        },
        {
          "type": "image",
          "assetId": "qPFwd9z6pT_G",
          "checksum": "da1ed59095e06b14f6549023c9ba5424"
        },
        {
          "type": "image",
          "assetId": "Yd7bwK78rxlz",
          "checksum": "c1692fbcbdb12bec582d3ee21cee0452"
        },
        {
          "type": "image",
          "assetId": "h5RGB0hl6nc-",
          "checksum": "eb728b5b02862f8c641e83aca7d24f7b"
        },
        {
          "type": "image",
          "assetId": "sL0U-RWoonpG",
          "checksum": "57f7a032698da485cf4aef7ea4b07347"
        },
        {
          "type": "image",
          "assetId": "fvQS9tnSjpQM",
          "checksum": "8c121557e249ef8726106929a8a66d7b"
        },
        {
          "type": "image",
          "assetId": "ARrX0KRnFbpq",
          "checksum": "732be838753aef0090e87e5db4bb2294"
        },
        {
          "type": "image",
          "assetId": "lwhkzTQaq1-N",
          "checksum": "5e30423a2a21ce7f2a2fad95412287c2"
        },
        {
          "type": "image",
          "assetId": "k_9Fpf4WrSgw",
          "checksum": "1207a8de80bd31e5d6a3b97d5e3e973d"
        },
        {
          "type": "image",
          "assetId": "I41v2da1bMUB",
          "checksum": "7533d5e55174d7aca370cbace7ac66ae"
        },
        {
          "type": "image",
          "assetId": "P-jHiAmEKqEO",
          "checksum": "ac54349da9b1f25f1ac5e399cd5c3dd8"
        },
        {
          "type": "image",
          "assetId": "DoK8dmDL4DTz",
          "checksum": "c431ec5fd1b23cf83726f3a1ca7ce116"
        },
        {
          "type": "image",
          "assetId": "uqQ7B9pVZSAo",
          "checksum": "4ad552b70ebbeb26ce90d8e8902d4c0c"
        },
        {
          "type": "image",
          "assetId": "_ER4P3MYH2mZ",
          "checksum": "b07031a2b64b7c62513db908c15dff37"
        },
        {
          "type": "image",
          "assetId": "QazkNknSnKhu",
          "checksum": "2aa7a76db0b6f9f2d6bc6dc4ca607ce2"
        },
        {
          "type": "image",
          "assetId": "46W7EwK3P5G6",
          "checksum": "c6f4c1cc7c6caac9bde8f3789871aeda"
        },
        {
          "type": "image",
          "assetId": "Q3cLSgn4FAj7",
          "checksum": "a632ede931791e9914d2d2841ab425ad"
        },
        {
          "type": "image",
          "assetId": "8uRIlPNA5WdJ",
          "checksum": "e01775798ba2ee51238629b59ae5a35e"
        },
        {
          "type": "image",
          "assetId": "YxCo8HTjs9Ed",
          "checksum": "d828c9deb35c2c85f9116ab91ef0169d"
        },
        {
          "type": "image",
          "assetId": "B5t3FausEdAE",
          "checksum": "1472527d1345c66072d60ec95c0ea191"
        },
        {
          "type": "image",
          "assetId": "moiBoYQeGFsk",
          "checksum": "19addc89b03677566045a555a6d29f5f"
        },
        {
          "type": "image",
          "assetId": "-CqOQ7IMpB1e",
          "checksum": "e89b0e31b5a1c7b597b7a761edf7a066"
        },
        {
          "type": "image",
          "assetId": "QIneTPULc77f",
          "checksum": "7a0309b8bb8cef6e6a364f87ec2af160"
        },
        {
          "type": "image",
          "assetId": "dPoGolznfXNO",
          "checksum": "60843322debdd35169c51bfb2b3fe6b9"
        },
        {
          "type": "image",
          "assetId": "ApgMoi4pZpeV",
          "checksum": "5b56c4a31e5e14127657f1a233ab90fb"
        },
        {
          "type": "image",
          "assetId": "aeC2fNn2s24n",
          "checksum": "3536f4b774fb91f666bf40a5c5072958"
        },
        {
          "type": "image",
          "assetId": "qwCRQJY26IMn",
          "checksum": "8978ce6f2b91215e05801bd191cc8296"
        },
        {
          "type": "image",
          "assetId": "HpDCu9wBDk2T",
          "checksum": "18a434c7ef451e9887d2a1b2f7fa78e7"
        },
        {
          "type": "image",
          "assetId": "Bs_drVNeyork",
          "checksum": "1e85eed86b592507aa46f30f742b838a"
        },
        {
          "type": "image",
          "assetId": "0oLLNguKVBcm",
          "checksum": "ccee1681585aa08932972e25b620bf4e"
        },
        {
          "type": "image",
          "assetId": "GDkbRhGGwKnG",
          "checksum": "2ec5a5e52c321c0b65d2910c3bf282f6"
        },
        {
          "type": "image",
          "assetId": "8cfsBmyzkzPK",
          "checksum": "08b6439f044e35e1b688a832e4fe81bf"
        },
        {
          "type": "image",
          "assetId": "D4YsfKzxA4Q9",
          "checksum": "f8e76a45c2e629e7c51e0b911a49085f"
        },
        {
          "type": "image",
          "assetId": "MpsSNlN19go_",
          "checksum": "f36f3a39669a5c4abf9e2648802cb4eb"
        },
        {
          "type": "image",
          "assetId": "AlGQnGDwlC1k",
          "checksum": "d3fc09e40cbf77d6627053572b0e3891"
        },
        {
          "type": "image",
          "assetId": "Hpf33DyBvFKE",
          "checksum": "c70483fa687d3c1f8cdf6f5924927d3f"
        },
        {
          "type": "image",
          "assetId": "y6v6I4PXXzCH",
          "checksum": "f258bde0869d3d54424f2f0110700f97"
        },
        {
          "type": "image",
          "assetId": "bTN1wQ-Kemf7",
          "checksum": "92e9fc1112a5d22a48b3520f08a8180e"
        },
        {
          "assetId": "byB3bAFsuE9BeHE4yjsKnJ",
          "type": "projectCss",
          "checksum": "8c6ad682aecf624085761fd529562d2a"
        }
      ],
      "codegenVersion": "0.0.1"
    }
  ],
  "cliVersion": "0.1.335"
}
